PODS:
  - Alamofire (5.4.3)
  - AlamofireImage (4.2.0):
    - Alamofire (~> 5.4)
  - Moya (14.0.0):
    - Moya/Core (= 14.0.0)
  - Moya/Core (14.0.0):
    - Alamofire (~> 5.0)

DEPENDENCIES:
  - AlamofireImage
  - Moya

SPEC REPOS:
  trunk:
    - Alamofire
    - AlamofireImage
    - Moya

SPEC CHECKSUMS:
  Alamofire: e447a2774a40c996748296fa2c55112fdbbc42f9
  AlamofireImage: 34a2d90b0e5fe6a5605f85ae4b7b01e784c60192
  Moya: 5b45dacb75adb009f97fde91c204c1e565d31916

PODFILE CHECKSUM: d03633256f1ab19280386054a763ceff0b57d27f

COCOAPODS: 1.10.1
